
Microsoft Visual Studio Solution File, Format Version 12.00
# Visual Studio 14
VisualStudioVersion = 14.0.25123.0
MinimumVisualStudioVersion = 10.0.40219.1
Project("{8BC9CEB8-8B4A-11D0-8D11-00A0C91BC942}") = "ALDS1_1_D", "ALDS1_1_D\ALDS1_1_D.vcxproj", "{45F044F5-CA90-465D-A18C-C0092CA960AD}"
EndProject
Project("{8BC9CEB8-8B4A-11D0-8D11-00A0C91BC942}") = "ALDS1_1_A", "ALDS1_1_A\ALDS1_1_A.vcxproj", "{EB898771-21A2-4DE2-A91D-6317CB2ECF74}"
EndProject
Project("{8BC9CEB8-8B4A-11D0-8D11-00A0C91BC942}") = "ALDS1_2_A", "ALDS1_2_A\ALDS1_2_A.vcxproj", "{7BC929E1-EA46-4E10-AFD6-55D2DD048891}"
EndProject
Project("{8BC9CEB8-8B4A-11D0-8D11-00A0C91BC942}") = "ALDS1_2_B", "ALDS1_2_B\ALDS1_2_B.vcxproj", "{285A9934-3550-4793-B43B-C0EEFDC124F5}"
EndProject
Project("{8BC9CEB8-8B4A-11D0-8D11-00A0C91BC942}") = "ALDS1_2_C", "ALDS1_2_C\ALDS1_2_C.vcxproj", "{DC34E117-03BE-4F07-B175-033C4F9B18D4}"
EndProject
Project("{8BC9CEB8-8B4A-11D0-8D11-00A0C91BC942}") = "ALDS1_2_D", "ALDS1_2_D\ALDS1_2_D.vcxproj", "{68A4EBB4-D265-43AB-B1AB-945664BBF716}"
EndProject
Project("{8BC9CEB8-8B4A-11D0-8D11-00A0C91BC942}") = "ALDS1_3_A", "ALDS1_3_A\ALDS1_3_A.vcxproj", "{92572FCC-0F02-4630-B5A7-D4F15031F778}"
EndProject
Project("{8BC9CEB8-8B4A-11D0-8D11-00A0C91BC942}") = "ALDS1_3_B", "ALDS1_3_B\ALDS1_3_B.vcxproj", "{60011C3F-B9BA-48D5-9ADF-180547CF0035}"
EndProject
Global
	GlobalSection(SolutionConfigurationPlatforms) = preSolution
		Debug|x64 = Debug|x64
		Debug|x86 = Debug|x86
		Release|x64 = Release|x64
		Release|x86 = Release|x86
	EndGlobalSection
	GlobalSection(ProjectConfigurationPlatforms) = postSolution
		{45F044F5-CA90-465D-A18C-C0092CA960AD}.Debug|x64.ActiveCfg = Debug|x64
		{45F044F5-CA90-465D-A18C-C0092CA960AD}.Debug|x64.Build.0 = Debug|x64
		{45F044F5-CA90-465D-A18C-C0092CA960AD}.Debug|x86.ActiveCfg = Debug|Win32
		{45F044F5-CA90-465D-A18C-C0092CA960AD}.Debug|x86.Build.0 = Debug|Win32
		{45F044F5-CA90-465D-A18C-C0092CA960AD}.Release|x64.ActiveCfg = Release|x64
		{45F044F5-CA90-465D-A18C-C0092CA960AD}.Release|x64.Build.0 = Release|x64
		{45F044F5-CA90-465D-A18C-C0092CA960AD}.Release|x86.ActiveCfg = Release|Win32
		{45F044F5-CA90-465D-A18C-C0092CA960AD}.Release|x86.Build.0 = Release|Win32
		{EB898771-21A2-4DE2-A91D-6317CB2ECF74}.Debug|x64.ActiveCfg = Debug|x64
		{EB898771-21A2-4DE2-A91D-6317CB2ECF74}.Debug|x64.Build.0 = Debug|x64
		{EB898771-21A2-4DE2-A91D-6317CB2ECF74}.Debug|x86.ActiveCfg = Debug|Win32
		{EB898771-21A2-4DE2-A91D-6317CB2ECF74}.Debug|x86.Build.0 = Debug|Win32
		{EB898771-21A2-4DE2-A91D-6317CB2ECF74}.Release|x64.ActiveCfg = Release|x64
		{EB898771-21A2-4DE2-A91D-6317CB2ECF74}.Release|x64.Build.0 = Release|x64
		{EB898771-21A2-4DE2-A91D-6317CB2ECF74}.Release|x86.ActiveCfg = Release|Win32
		{EB898771-21A2-4DE2-A91D-6317CB2ECF74}.Release|x86.Build.0 = Release|Win32
		{7BC929E1-EA46-4E10-AFD6-55D2DD048891}.Debug|x64.ActiveCfg = Debug|x64
		{7BC929E1-EA46-4E10-AFD6-55D2DD048891}.Debug|x64.Build.0 = Debug|x64
		{7BC929E1-EA46-4E10-AFD6-55D2DD048891}.Debug|x86.ActiveCfg = Debug|Win32
		{7BC929E1-EA46-4E10-AFD6-55D2DD048891}.Debug|x86.Build.0 = Debug|Win32
		{7BC929E1-EA46-4E10-AFD6-55D2DD048891}.Release|x64.ActiveCfg = Release|x64
		{7BC929E1-EA46-4E10-AFD6-55D2DD048891}.Release|x64.Build.0 = Release|x64
		{7BC929E1-EA46-4E10-AFD6-55D2DD048891}.Release|x86.ActiveCfg = Release|Win32
		{7BC929E1-EA46-4E10-AFD6-55D2DD048891}.Release|x86.Build.0 = Release|Win32
		{285A9934-3550-4793-B43B-C0EEFDC124F5}.Debug|x64.ActiveCfg = Debug|x64
		{285A9934-3550-4793-B43B-C0EEFDC124F5}.Debug|x64.Build.0 = Debug|x64
		{285A9934-3550-4793-B43B-C0EEFDC124F5}.Debug|x86.ActiveCfg = Debug|Win32
		{285A9934-3550-4793-B43B-C0EEFDC124F5}.Debug|x86.Build.0 = Debug|Win32
		{285A9934-3550-4793-B43B-C0EEFDC124F5}.Release|x64.ActiveCfg = Release|x64
		{285A9934-3550-4793-B43B-C0EEFDC124F5}.Release|x64.Build.0 = Release|x64
		{285A9934-3550-4793-B43B-C0EEFDC124F5}.Release|x86.ActiveCfg = Release|Win32
		{285A9934-3550-4793-B43B-C0EEFDC124F5}.Release|x86.Build.0 = Release|Win32
		{DC34E117-03BE-4F07-B175-033C4F9B18D4}.Debug|x64.ActiveCfg = Debug|x64
		{DC34E117-03BE-4F07-B175-033C4F9B18D4}.Debug|x64.Build.0 = Debug|x64
		{DC34E117-03BE-4F07-B175-033C4F9B18D4}.Debug|x86.ActiveCfg = Debug|Win32
		{DC34E117-03BE-4F07-B175-033C4F9B18D4}.Debug|x86.Build.0 = Debug|Win32
		{DC34E117-03BE-4F07-B175-033C4F9B18D4}.Release|x64.ActiveCfg = Release|x64
		{DC34E117-03BE-4F07-B175-033C4F9B18D4}.Release|x64.Build.0 = Release|x64
		{DC34E117-03BE-4F07-B175-033C4F9B18D4}.Release|x86.ActiveCfg = Release|Win32
		{DC34E117-03BE-4F07-B175-033C4F9B18D4}.Release|x86.Build.0 = Release|Win32
		{68A4EBB4-D265-43AB-B1AB-945664BBF716}.Debug|x64.ActiveCfg = Debug|x64
		{68A4EBB4-D265-43AB-B1AB-945664BBF716}.Debug|x64.Build.0 = Debug|x64
		{68A4EBB4-D265-43AB-B1AB-945664BBF716}.Debug|x86.ActiveCfg = Debug|Win32
		{68A4EBB4-D265-43AB-B1AB-945664BBF716}.Debug|x86.Build.0 = Debug|Win32
		{68A4EBB4-D265-43AB-B1AB-945664BBF716}.Release|x64.ActiveCfg = Release|x64
		{68A4EBB4-D265-43AB-B1AB-945664BBF716}.Release|x64.Build.0 = Release|x64
		{68A4EBB4-D265-43AB-B1AB-945664BBF716}.Release|x86.ActiveCfg = Release|Win32
		{68A4EBB4-D265-43AB-B1AB-945664BBF716}.Release|x86.Build.0 = Release|Win32
		{92572FCC-0F02-4630-B5A7-D4F15031F778}.Debug|x64.ActiveCfg = Debug|x64
		{92572FCC-0F02-4630-B5A7-D4F15031F778}.Debug|x64.Build.0 = Debug|x64
		{92572FCC-0F02-4630-B5A7-D4F15031F778}.Debug|x86.ActiveCfg = Debug|Win32
		{92572FCC-0F02-4630-B5A7-D4F15031F778}.Debug|x86.Build.0 = Debug|Win32
		{92572FCC-0F02-4630-B5A7-D4F15031F778}.Release|x64.ActiveCfg = Release|x64
		{92572FCC-0F02-4630-B5A7-D4F15031F778}.Release|x64.Build.0 = Release|x64
		{92572FCC-0F02-4630-B5A7-D4F15031F778}.Release|x86.ActiveCfg = Release|Win32
		{92572FCC-0F02-4630-B5A7-D4F15031F778}.Release|x86.Build.0 = Release|Win32
		{60011C3F-B9BA-48D5-9ADF-180547CF0035}.Debug|x64.ActiveCfg = Debug|x64
		{60011C3F-B9BA-48D5-9ADF-180547CF0035}.Debug|x64.Build.0 = Debug|x64
		{60011C3F-B9BA-48D5-9ADF-180547CF0035}.Debug|x86.ActiveCfg = Debug|Win32
		{60011C3F-B9BA-48D5-9ADF-180547CF0035}.Debug|x86.Build.0 = Debug|Win32
		{60011C3F-B9BA-48D5-9ADF-180547CF0035}.Release|x64.ActiveCfg = Release|x64
		{60011C3F-B9BA-48D5-9ADF-180547CF0035}.Release|x64.Build.0 = Release|x64
		{60011C3F-B9BA-48D5-9ADF-180547CF0035}.Release|x86.ActiveCfg = Release|Win32
		{60011C3F-B9BA-48D5-9ADF-180547CF0035}.Release|x86.Build.0 = Release|Win32
	EndGlobalSection
	GlobalSection(SolutionProperties) = preSolution
		HideSolutionNode = FALSE
	EndGlobalSection
EndGlobal
